
Microsoft Visual Studio Solution File, Format Version 12.00
# Visual Studio Version 17
VisualStudioVersion = 17.7.34202.233
MinimumVisualStudioVersion = 10.0.40219.1
Project("{FAE04EC0-301F-11D3-BF4B-00C04F79EFBC}") = "InventoryMgmtSys", "InventoryMgmtSys\InventoryMgmtSys.csproj", "{0FE93D71-C07B-403F-B032-BF87DFC32BB7}"
EndProject
Global
	GlobalSection(SolutionConfigurationPlatforms) = preSolution
		Debug|Any CPU = Debug|Any CPU
		Release|Any CPU = Release|Any CPU
	EndGlobalSection
	GlobalSection(ProjectConfigurationPlatforms) = postSolution
		{0FE93D71-C07B-403F-B032-BF87DFC32BB7}.Debug|Any CPU.ActiveCfg = Debug|Any CPU
		{0FE93D71-C07B-403F-B032-BF87DFC32BB7}.Debug|Any CPU.Build.0 = Debug|Any CPU
		{0FE93D71-C07B-403F-B032-BF87DFC32BB7}.Release|Any CPU.ActiveCfg = Release|Any CPU
		{0FE93D71-C07B-403F-B032-BF87DFC32BB7}.Release|Any CPU.Build.0 = Release|Any CPU
	EndGlobalSection
	GlobalSection(SolutionProperties) = preSolution
		HideSolutionNode = FALSE
	EndGlobalSection
	GlobalSection(ExtensibilityGlobals) = postSolution
		SolutionGuid = {B71CE9B9-BD63-4B3B-8A35-754576F028E9}
	EndGlobalSection
EndGlobal
